
Microsoft Visual Studio Solution File, Format Version 12.00
# Visual Studio Version 16
VisualStudioVersion = 16.0.810.25
MinimumVisualStudioVersion = 10.0.40219.1
Project("{FAE04EC0-301F-11D3-BF4B-00C04F79EFBC}") = "Day01", "Day01\Day01.csproj", "{A3539B84-09A8-4D96-B2EC-A413A7715980}"
EndProject
Project("{FAE04EC0-301F-11D3-BF4B-00C04F79EFBC}") = "Day02", "Day02\Day02.csproj", "{9537D314-CAFE-473F-A609-D957FFF8FE54}"
EndProject
Project("{FAE04EC0-301F-11D3-BF4B-00C04F79EFBC}") = "Day03", "Day03\Day03.csproj", "{2D41D578-2E4C-460F-BD67-0D0557A1A26C}"
EndProject
Global
	GlobalSection(SolutionConfigurationPlatforms) = preSolution
		Debug|Any CPU = Debug|Any CPU
		Release|Any CPU = Release|Any CPU
	EndGlobalSection
	GlobalSection(ProjectConfigurationPlatforms) = postSolution
		{A3539B84-09A8-4D96-B2EC-A413A7715980}.Debug|Any CPU.ActiveCfg = Debug|Any CPU
		{A3539B84-09A8-4D96-B2EC-A413A7715980}.Debug|Any CPU.Build.0 = Debug|Any CPU
		{A3539B84-09A8-4D96-B2EC-A413A7715980}.Release|Any CPU.ActiveCfg = Release|Any CPU
		{A3539B84-09A8-4D96-B2EC-A413A7715980}.Release|Any CPU.Build.0 = Release|Any CPU
		{9537D314-CAFE-473F-A609-D957FFF8FE54}.Debug|Any CPU.ActiveCfg = Debug|Any CPU
		{9537D314-CAFE-473F-A609-D957FFF8FE54}.Debug|Any CPU.Build.0 = Debug|Any CPU
		{9537D314-CAFE-473F-A609-D957FFF8FE54}.Release|Any CPU.ActiveCfg = Release|Any CPU
		{9537D314-CAFE-473F-A609-D957FFF8FE54}.Release|Any CPU.Build.0 = Release|Any CPU
		{2D41D578-2E4C-460F-BD67-0D0557A1A26C}.Debug|Any CPU.ActiveCfg = Debug|Any CPU
		{2D41D578-2E4C-460F-BD67-0D0557A1A26C}.Debug|Any CPU.Build.0 = Debug|Any CPU
		{2D41D578-2E4C-460F-BD67-0D0557A1A26C}.Release|Any CPU.ActiveCfg = Release|Any CPU
		{2D41D578-2E4C-460F-BD67-0D0557A1A26C}.Release|Any CPU.Build.0 = Release|Any CPU
	EndGlobalSection
	GlobalSection(SolutionProperties) = preSolution
		HideSolutionNode = FALSE
	EndGlobalSection
	GlobalSection(ExtensibilityGlobals) = postSolution
		SolutionGuid = {37C1C561-A36A-4A61-A81C-315339770B13}
	EndGlobalSection
EndGlobal
